<Solution>
  <Project Path="../external/debugger-libs/Mono.Debugger.Soft/Mono.Debugger.Soft.csproj" />
  <Project Path="../external/debugger-libs/Mono.Debugging.Soft/Mono.Debugging.Soft.csproj" />
  <Project Path="../external/debugger-libs/Mono.Debugging/Mono.Debugging.csproj" />
  <Project Path="VsCodeMonoDebugServer.Console/VsCodeMonoDebugServer.Console.csproj" />
</Solution>
